Microsoft Visual Studio Solution File, Format Version 12.00
# Visual Studio 14
VisualStudioVersion = 14.0.25420.1
MinimumVisualStudioVersion = 10.0.40219.1
Project("{FAE04EC0-301F-11D3-BF4B-00C04F79EFBC}") = "CustomCalendar.iOS.Sample", "CustomCalendar.iOS.Sample\CustomCalendar.iOS.Sample.csproj", "{0866A6CE-362B-4F3E-9A6F-6354E729F00B}"
EndProject
Project("{FAE04EC0-301F-11D3-BF4B-00C04F79EFBC}") = "CustomCalendar", "CustomCalendar\CustomCalendar.csproj", "{60B1DCEE-9C84-40D8-983B-E14F9514C26E}"
EndProject
Project("{FAE04EC0-301F-11D3-BF4B-00C04F79EFBC}") = "CustomCalendar.iOS", "CustomCalendar.iOS\CustomCalendar.iOS.csproj", "{74AFEE3F-E3FD-40C7-8033-EB62AFB86A0B}"
EndProject
Project("{FAE04EC0-301F-11D3-BF4B-00C04F79EFBC}") = "CustomCalendar.Droid", "CustomCalendar.Droid\CustomCalendar.Droid.csproj", "{BFA31F1A-8494-4712-A80F-CB0170AB3981}"
EndProject
Project("{FAE04EC0-301F-11D3-BF4B-00C04F79EFBC}") = "CustomCalendar.Droid.Sample", "CustomCalendar.Droid.Sample\CustomCalendar.Droid.Sample.csproj", "{6989AC1E-B708-49C2-B1B6-DECFAFA9CCCF}"
EndProject
Project("{FAE04EC0-301F-11D3-BF4B-00C04F79EFBC}") = "CustomCalendar.UWP", "CustomCalendar.UWP\CustomCalendar.UWP.csproj", "{E265483C-E294-469B-AEFB-2A4D7A6C58E6}"
EndProject
Project("{FAE04EC0-301F-11D3-BF4B-00C04F79EFBC}") = "CustomCalendar.UWP.Sample", "CustomCalendar.UWP.Sample\CustomCalendar.UWP.Sample.csproj", "{77C6792E-BC43-46C2-91C9-E27CB0AED900}"
EndProject
Global
	GlobalSection(SolutionConfigurationPlatforms) = preSolution
		Debug|Any CPU = Debug|Any CPU
		Debug|ARM = Debug|ARM
		Debug|iPhone = Debug|iPhone
		Debug|iPhoneSimulator = Debug|iPhoneSimulator
		Debug|x64 = Debug|x64
		Debug|x86 = Debug|x86
		Release|Any CPU = Release|Any CPU
		Release|ARM = Release|ARM
		Release|iPhone = Release|iPhone
		Release|iPhoneSimulator = Release|iPhoneSimulator
		Release|x64 = Release|x64
		Release|x86 = Release|x86
	EndGlobalSection
	GlobalSection(ProjectConfigurationPlatforms) = postSolution
		{0866A6CE-362B-4F3E-9A6F-6354E729F00B}.Debug|Any CPU.ActiveCfg = Debug|iPhoneSimulator
		{0866A6CE-362B-4F3E-9A6F-6354E729F00B}.Debug|ARM.ActiveCfg = Debug|iPhoneSimulator
		{0866A6CE-362B-4F3E-9A6F-6354E729F00B}.Debug|iPhone.ActiveCfg = Debug|iPhone
		{0866A6CE-362B-4F3E-9A6F-6354E729F00B}.Debug|iPhone.Build.0 = Debug|iPhone
		{0866A6CE-362B-4F3E-9A6F-6354E729F00B}.Debug|iPhoneSimulator.ActiveCfg = Debug|iPhoneSimulator
		{0866A6CE-362B-4F3E-9A6F-6354E729F00B}.Debug|iPhoneSimulator.Build.0 = Debug|iPhoneSimulator
		{0866A6CE-362B-4F3E-9A6F-6354E729F00B}.Debug|x64.ActiveCfg = Debug|iPhoneSimulator
		{0866A6CE-362B-4F3E-9A6F-6354E729F00B}.Debug|x86.ActiveCfg = Debug|iPhoneSimulator
		{0866A6CE-362B-4F3E-9A6F-6354E729F00B}.Release|Any CPU.ActiveCfg = Release|iPhoneSimulator
		{0866A6CE-362B-4F3E-9A6F-6354E729F00B}.Release|ARM.ActiveCfg = Release|iPhoneSimulator
		{0866A6CE-362B-4F3E-9A6F-6354E729F00B}.Release|iPhone.ActiveCfg = Release|iPhone
		{0866A6CE-362B-4F3E-9A6F-6354E729F00B}.Release|iPhone.Build.0 = Release|iPhone
		{0866A6CE-362B-4F3E-9A6F-6354E729F00B}.Release|iPhoneSimulator.ActiveCfg = Release|iPhoneSimulator
		{0866A6CE-362B-4F3E-9A6F-6354E729F00B}.Release|iPhoneSimulator.Build.0 = Release|iPhoneSimulator
		{0866A6CE-362B-4F3E-9A6F-6354E729F00B}.Release|x64.ActiveCfg = Release|iPhoneSimulator
		{0866A6CE-362B-4F3E-9A6F-6354E729F00B}.Release|x86.ActiveCfg = Release|iPhoneSimulator
		{60B1DCEE-9C84-40D8-983B-E14F9514C26E}.Debug|Any CPU.ActiveCfg = Debug|Any CPU
		{60B1DCEE-9C84-40D8-983B-E14F9514C26E}.Debug|Any CPU.Build.0 = Debug|Any CPU
		{60B1DCEE-9C84-40D8-983B-E14F9514C26E}.Debug|ARM.ActiveCfg = Debug|Any CPU
		{60B1DCEE-9C84-40D8-983B-E14F9514C26E}.Debug|ARM.Build.0 = Debug|Any CPU
		{60B1DCEE-9C84-40D8-983B-E14F9514C26E}.Debug|iPhone.ActiveCfg = Debug|Any CPU
		{60B1DCEE-9C84-40D8-983B-E14F9514C26E}.Debug|iPhone.Build.0 = Debug|Any CPU
		{60B1DCEE-9C84-40D8-983B-E14F9514C26E}.Debug|iPhoneSimulator.ActiveCfg = Debug|Any CPU
		{60B1DCEE-9C84-40D8-983B-E14F9514C26E}.Debug|iPhoneSimulator.Build.0 = Debug|Any CPU
		{60B1DCEE-9C84-40D8-983B-E14F9514C26E}.Debug|x64.ActiveCfg = Debug|Any CPU
		{60B1DCEE-9C84-40D8-983B-E14F9514C26E}.Debug|x64.Build.0 = Debug|Any CPU
		{60B1DCEE-9C84-40D8-983B-E14F9514C26E}.Debug|x86.ActiveCfg = Debug|Any CPU
		{60B1DCEE-9C84-40D8-983B-E14F9514C26E}.Debug|x86.Build.0 = Debug|Any CPU
		{60B1DCEE-9C84-40D8-983B-E14F9514C26E}.Release|Any CPU.ActiveCfg = Release|Any CPU
		{60B1DCEE-9C84-40D8-983B-E14F9514C26E}.Release|Any CPU.Build.0 = Release|Any CPU
		{60B1DCEE-9C84-40D8-983B-E14F9514C26E}.Release|ARM.ActiveCfg = Release|Any CPU
		{60B1DCEE-9C84-40D8-983B-E14F9514C26E}.Release|ARM.Build.0 = Release|Any CPU
		{60B1DCEE-9C84-40D8-983B-E14F9514C26E}.Release|iPhone.ActiveCfg = Release|Any CPU
		{60B1DCEE-9C84-40D8-983B-E14F9514C26E}.Release|iPhone.Build.0 = Release|Any CPU
		{60B1DCEE-9C84-40D8-983B-E14F9514C26E}.Release|iPhoneSimulator.ActiveCfg = Release|Any CPU
		{60B1DCEE-9C84-40D8-983B-E14F9514C26E}.Release|iPhoneSimulator.Build.0 = Release|Any CPU
		{60B1DCEE-9C84-40D8-983B-E14F9514C26E}.Release|x64.ActiveCfg = Release|Any CPU
		{60B1DCEE-9C84-40D8-983B-E14F9514C26E}.Release|x64.Build.0 = Release|Any CPU
		{60B1DCEE-9C84-40D8-983B-E14F9514C26E}.Release|x86.ActiveCfg = Release|Any CPU
		{60B1DCEE-9C84-40D8-983B-E14F9514C26E}.Release|x86.Build.0 = Release|Any CPU
		{74AFEE3F-E3FD-40C7-8033-EB62AFB86A0B}.Debug|Any CPU.ActiveCfg = Debug|Any CPU
		{74AFEE3F-E3FD-40C7-8033-EB62AFB86A0B}.Debug|Any CPU.Build.0 = Debug|Any CPU
		{74AFEE3F-E3FD-40C7-8033-EB62AFB86A0B}.Debug|ARM.ActiveCfg = Debug|Any CPU
		{74AFEE3F-E3FD-40C7-8033-EB62AFB86A0B}.Debug|ARM.Build.0 = Debug|Any CPU
		{74AFEE3F-E3FD-40C7-8033-EB62AFB86A0B}.Debug|iPhone.ActiveCfg = Debug|Any CPU
		{74AFEE3F-E3FD-40C7-8033-EB62AFB86A0B}.Debug|iPhone.Build.0 = Debug|Any CPU
		{74AFEE3F-E3FD-40C7-8033-EB62AFB86A0B}.Debug|iPhoneSimulator.ActiveCfg = Debug|Any CPU
		{74AFEE3F-E3FD-40C7-8033-EB62AFB86A0B}.Debug|iPhoneSimulator.Build.0 = Debug|Any CPU
		{74AFEE3F-E3FD-40C7-8033-EB62AFB86A0B}.Debug|x64.ActiveCfg = Debug|Any CPU
		{74AFEE3F-E3FD-40C7-8033-EB62AFB86A0B}.Debug|x64.Build.0 = Debug|Any CPU
		{74AFEE3F-E3FD-40C7-8033-EB62AFB86A0B}.Debug|x86.ActiveCfg = Debug|Any CPU
		{74AFEE3F-E3FD-40C7-8033-EB62AFB86A0B}.Debug|x86.Build.0 = Debug|Any CPU
		{74AFEE3F-E3FD-40C7-8033-EB62AFB86A0B}.Release|Any CPU.ActiveCfg = Release|Any CPU
		{74AFEE3F-E3FD-40C7-8033-EB62AFB86A0B}.Release|Any CPU.Build.0 = Release|Any CPU
		{74AFEE3F-E3FD-40C7-8033-EB62AFB86A0B}.Release|ARM.ActiveCfg = Release|Any CPU
		{74AFEE3F-E3FD-40C7-8033-EB62AFB86A0B}.Release|ARM.Build.0 = Release|Any CPU
		{74AFEE3F-E3FD-40C7-8033-EB62AFB86A0B}.Release|iPhone.ActiveCfg = Release|Any CPU
		{74AFEE3F-E3FD-40C7-8033-EB62AFB86A0B}.Release|iPhone.Build.0 = Release|Any CPU
		{74AFEE3F-E3FD-40C7-8033-EB62AFB86A0B}.Release|iPhoneSimulator.ActiveCfg = Release|Any CPU
		{74AFEE3F-E3FD-40C7-8033-EB62AFB86A0B}.Release|iPhoneSimulator.Build.0 = Release|Any CPU
		{74AFEE3F-E3FD-40C7-8033-EB62AFB86A0B}.Release|x64.ActiveCfg = Release|Any CPU
		{74AFEE3F-E3FD-40C7-8033-EB62AFB86A0B}.Release|x64.Build.0 = Release|Any CPU
		{74AFEE3F-E3FD-40C7-8033-EB62AFB86A0B}.Release|x86.ActiveCfg = Release|Any CPU
		{74AFEE3F-E3FD-40C7-8033-EB62AFB86A0B}.Release|x86.Build.0 = Release|Any CPU
		{BFA31F1A-8494-4712-A80F-CB0170AB3981}.Debug|Any CPU.ActiveCfg = Debug|Any CPU
		{BFA31F1A-8494-4712-A80F-CB0170AB3981}.Debug|Any CPU.Build.0 = Debug|Any CPU
		{BFA31F1A-8494-4712-A80F-CB0170AB3981}.Debug|ARM.ActiveCfg = Debug|Any CPU
		{BFA31F1A-8494-4712-A80F-CB0170AB3981}.Debug|ARM.Build.0 = Debug|Any CPU
		{BFA31F1A-8494-4712-A80F-CB0170AB3981}.Debug|iPhone.ActiveCfg = Debug|Any CPU
		{BFA31F1A-8494-4712-A80F-CB0170AB3981}.Debug|iPhone.Build.0 = Debug|Any CPU
		{BFA31F1A-8494-4712-A80F-CB0170AB3981}.Debug|iPhoneSimulator.ActiveCfg = Debug|Any CPU
		{BFA31F1A-8494-4712-A80F-CB0170AB3981}.Debug|iPhoneSimulator.Build.0 = Debug|Any CPU
		{BFA31F1A-8494-4712-A80F-CB0170AB3981}.Debug|x64.ActiveCfg = Debug|Any CPU
		{BFA31F1A-8494-4712-A80F-CB0170AB3981}.Debug|x64.Build.0 = Debug|Any CPU
		{BFA31F1A-8494-4712-A80F-CB0170AB3981}.Debug|x86.ActiveCfg = Debug|Any CPU
		{BFA31F1A-8494-4712-A80F-CB0170AB3981}.Debug|x86.Build.0 = Debug|Any CPU
		{BFA31F1A-8494-4712-A80F-CB0170AB3981}.Release|Any CPU.ActiveCfg = Release|Any CPU
		{BFA31F1A-8494-4712-A80F-CB0170AB3981}.Release|Any CPU.Build.0 = Release|Any CPU
		{BFA31F1A-8494-4712-A80F-CB0170AB3981}.Release|ARM.ActiveCfg = Release|Any CPU
		{BFA31F1A-8494-4712-A80F-CB0170AB3981}.Release|ARM.Build.0 = Release|Any CPU
		{BFA31F1A-8494-4712-A80F-CB0170AB3981}.Release|iPhone.ActiveCfg = Release|Any CPU
		{BFA31F1A-8494-4712-A80F-CB0170AB3981}.Release|iPhone.Build.0 = Release|Any CPU
		{BFA31F1A-8494-4712-A80F-CB0170AB3981}.Release|iPhoneSimulator.ActiveCfg = Release|Any CPU
		{BFA31F1A-8494-4712-A80F-CB0170AB3981}.Release|iPhoneSimulator.Build.0 = Release|Any CPU
		{BFA31F1A-8494-4712-A80F-CB0170AB3981}.Release|x64.ActiveCfg = Release|Any CPU
		{BFA31F1A-8494-4712-A80F-CB0170AB3981}.Release|x64.Build.0 = Release|Any CPU
		{BFA31F1A-8494-4712-A80F-CB0170AB3981}.Release|x86.ActiveCfg = Release|Any CPU
		{BFA31F1A-8494-4712-A80F-CB0170AB3981}.Release|x86.Build.0 = Release|Any CPU
		{6989AC1E-B708-49C2-B1B6-DECFAFA9CCCF}.Debug|Any CPU.ActiveCfg = Debug|Any CPU
		{6989AC1E-B708-49C2-B1B6-DECFAFA9CCCF}.Debug|Any CPU.Build.0 = Debug|Any CPU
		{6989AC1E-B708-49C2-B1B6-DECFAFA9CCCF}.Debug|Any CPU.Deploy.0 = Debug|Any CPU
		{6989AC1E-B708-49C2-B1B6-DECFAFA9CCCF}.Debug|ARM.ActiveCfg = Debug|Any CPU
		{6989AC1E-B708-49C2-B1B6-DECFAFA9CCCF}.Debug|ARM.Build.0 = Debug|Any CPU
		{6989AC1E-B708-49C2-B1B6-DECFAFA9CCCF}.Debug|ARM.Deploy.0 = Debug|Any CPU
		{6989AC1E-B708-49C2-B1B6-DECFAFA9CCCF}.Debug|iPhone.ActiveCfg = Debug|Any CPU
		{6989AC1E-B708-49C2-B1B6-DECFAFA9CCCF}.Debug|iPhone.Build.0 = Debug|Any CPU
		{6989AC1E-B708-49C2-B1B6-DECFAFA9CCCF}.Debug|iPhoneSimulator.ActiveCfg = Debug|Any CPU
		{6989AC1E-B708-49C2-B1B6-DECFAFA9CCCF}.Debug|iPhoneSimulator.Build.0 = Debug|Any CPU
		{6989AC1E-B708-49C2-B1B6-DECFAFA9CCCF}.Debug|x64.ActiveCfg = Debug|Any CPU
		{6989AC1E-B708-49C2-B1B6-DECFAFA9CCCF}.Debug|x64.Build.0 = Debug|Any CPU
		{6989AC1E-B708-49C2-B1B6-DECFAFA9CCCF}.Debug|x64.Deploy.0 = Debug|Any CPU
		{6989AC1E-B708-49C2-B1B6-DECFAFA9CCCF}.Debug|x86.ActiveCfg = Debug|Any CPU
		{6989AC1E-B708-49C2-B1B6-DECFAFA9CCCF}.Debug|x86.Build.0 = Debug|Any CPU
		{6989AC1E-B708-49C2-B1B6-DECFAFA9CCCF}.Debug|x86.Deploy.0 = Debug|Any CPU
		{6989AC1E-B708-49C2-B1B6-DECFAFA9CCCF}.Release|Any CPU.ActiveCfg = Release|Any CPU
		{6989AC1E-B708-49C2-B1B6-DECFAFA9CCCF}.Release|Any CPU.Build.0 = Release|Any CPU
		{6989AC1E-B708-49C2-B1B6-DECFAFA9CCCF}.Release|Any CPU.Deploy.0 = Release|Any CPU
		{6989AC1E-B708-49C2-B1B6-DECFAFA9CCCF}.Release|ARM.ActiveCfg = Release|Any CPU
		{6989AC1E-B708-49C2-B1B6-DECFAFA9CCCF}.Release|ARM.Build.0 = Release|Any CPU
		{6989AC1E-B708-49C2-B1B6-DECFAFA9CCCF}.Release|ARM.Deploy.0 = Release|Any CPU
		{6989AC1E-B708-49C2-B1B6-DECFAFA9CCCF}.Release|iPhone.ActiveCfg = Release|Any CPU
		{6989AC1E-B708-49C2-B1B6-DECFAFA9CCCF}.Release|iPhone.Build.0 = Release|Any CPU
		{6989AC1E-B708-49C2-B1B6-DECFAFA9CCCF}.Release|iPhoneSimulator.ActiveCfg = Release|Any CPU
		{6989AC1E-B708-49C2-B1B6-DECFAFA9CCCF}.Release|iPhoneSimulator.Build.0 = Release|Any CPU
		{6989AC1E-B708-49C2-B1B6-DECFAFA9CCCF}.Release|x64.ActiveCfg = Release|Any CPU
		{6989AC1E-B708-49C2-B1B6-DECFAFA9CCCF}.Release|x64.Build.0 = Release|Any CPU
		{6989AC1E-B708-49C2-B1B6-DECFAFA9CCCF}.Release|x64.Deploy.0 = Release|Any CPU
		{6989AC1E-B708-49C2-B1B6-DECFAFA9CCCF}.Release|x86.ActiveCfg = Release|Any CPU
		{6989AC1E-B708-49C2-B1B6-DECFAFA9CCCF}.Release|x86.Build.0 = Release|Any CPU
		{6989AC1E-B708-49C2-B1B6-DECFAFA9CCCF}.Release|x86.Deploy.0 = Release|Any CPU
		{E265483C-E294-469B-AEFB-2A4D7A6C58E6}.Debug|Any CPU.ActiveCfg = Debug|Any CPU
		{E265483C-E294-469B-AEFB-2A4D7A6C58E6}.Debug|Any CPU.Build.0 = Debug|Any CPU
		{E265483C-E294-469B-AEFB-2A4D7A6C58E6}.Debug|ARM.ActiveCfg = Debug|ARM
		{E265483C-E294-469B-AEFB-2A4D7A6C58E6}.Debug|ARM.Build.0 = Debug|ARM
		{E265483C-E294-469B-AEFB-2A4D7A6C58E6}.Debug|iPhone.ActiveCfg = Debug|Any CPU
		{E265483C-E294-469B-AEFB-2A4D7A6C58E6}.Debug|iPhone.Build.0 = Debug|Any CPU
		{E265483C-E294-469B-AEFB-2A4D7A6C58E6}.Debug|iPhoneSimulator.ActiveCfg = Debug|Any CPU
		{E265483C-E294-469B-AEFB-2A4D7A6C58E6}.Debug|iPhoneSimulator.Build.0 = Debug|Any CPU
		{E265483C-E294-469B-AEFB-2A4D7A6C58E6}.Debug|x64.ActiveCfg = Debug|x64
		{E265483C-E294-469B-AEFB-2A4D7A6C58E6}.Debug|x64.Build.0 = Debug|x64
		{E265483C-E294-469B-AEFB-2A4D7A6C58E6}.Debug|x86.ActiveCfg = Debug|x86
		{E265483C-E294-469B-AEFB-2A4D7A6C58E6}.Debug|x86.Build.0 = Debug|x86
		{E265483C-E294-469B-AEFB-2A4D7A6C58E6}.Release|Any CPU.ActiveCfg = Release|Any CPU
		{E265483C-E294-469B-AEFB-2A4D7A6C58E6}.Release|Any CPU.Build.0 = Release|Any CPU
		{E265483C-E294-469B-AEFB-2A4D7A6C58E6}.Release|ARM.ActiveCfg = Release|ARM
		{E265483C-E294-469B-AEFB-2A4D7A6C58E6}.Release|ARM.Build.0 = Release|ARM
		{E265483C-E294-469B-AEFB-2A4D7A6C58E6}.Release|iPhone.ActiveCfg = Release|Any CPU
		{E265483C-E294-469B-AEFB-2A4D7A6C58E6}.Release|iPhone.Build.0 = Release|Any CPU
		{E265483C-E294-469B-AEFB-2A4D7A6C58E6}.Release|iPhoneSimulator.ActiveCfg = Release|Any CPU
		{E265483C-E294-469B-AEFB-2A4D7A6C58E6}.Release|iPhoneSimulator.Build.0 = Release|Any CPU
		{E265483C-E294-469B-AEFB-2A4D7A6C58E6}.Release|x64.ActiveCfg = Release|x64
		{E265483C-E294-469B-AEFB-2A4D7A6C58E6}.Release|x64.Build.0 = Release|x64
		{E265483C-E294-469B-AEFB-2A4D7A6C58E6}.Release|x86.ActiveCfg = Release|x86
		{E265483C-E294-469B-AEFB-2A4D7A6C58E6}.Release|x86.Build.0 = Release|x86
		{77C6792E-BC43-46C2-91C9-E27CB0AED900}.Debug|Any CPU.ActiveCfg = Debug|x86
		{77C6792E-BC43-46C2-91C9-E27CB0AED900}.Debug|ARM.ActiveCfg = Debug|ARM
		{77C6792E-BC43-46C2-91C9-E27CB0AED900}.Debug|ARM.Build.0 = Debug|ARM
		{77C6792E-BC43-46C2-91C9-E27CB0AED900}.Debug|ARM.Deploy.0 = Debug|ARM
		{77C6792E-BC43-46C2-91C9-E27CB0AED900}.Debug|iPhone.ActiveCfg = Debug|x86
		{77C6792E-BC43-46C2-91C9-E27CB0AED900}.Debug|iPhoneSimulator.ActiveCfg = Debug|x86
		{77C6792E-BC43-46C2-91C9-E27CB0AED900}.Debug|x64.ActiveCfg = Debug|x64
		{77C6792E-BC43-46C2-91C9-E27CB0AED900}.Debug|x64.Build.0 = Debug|x64
		{77C6792E-BC43-46C2-91C9-E27CB0AED900}.Debug|x64.Deploy.0 = Debug|x64
		{77C6792E-BC43-46C2-91C9-E27CB0AED900}.Debug|x86.ActiveCfg = Debug|x86
		{77C6792E-BC43-46C2-91C9-E27CB0AED900}.Debug|x86.Build.0 = Debug|x86
		{77C6792E-BC43-46C2-91C9-E27CB0AED900}.Debug|x86.Deploy.0 = Debug|x86
		{77C6792E-BC43-46C2-91C9-E27CB0AED900}.Release|Any CPU.ActiveCfg = Release|x86
		{77C6792E-BC43-46C2-91C9-E27CB0AED900}.Release|ARM.ActiveCfg = Release|ARM
		{77C6792E-BC43-46C2-91C9-E27CB0AED900}.Release|ARM.Build.0 = Release|ARM
		{77C6792E-BC43-46C2-91C9-E27CB0AED900}.Release|ARM.Deploy.0 = Release|ARM
		{77C6792E-BC43-46C2-91C9-E27CB0AED900}.Release|iPhone.ActiveCfg = Release|x86
		{77C6792E-BC43-46C2-91C9-E27CB0AED900}.Release|iPhoneSimulator.ActiveCfg = Release|x86
		{77C6792E-BC43-46C2-91C9-E27CB0AED900}.Release|x64.ActiveCfg = Release|x64
		{77C6792E-BC43-46C2-91C9-E27CB0AED900}.Release|x64.Build.0 = Release|x64
		{77C6792E-BC43-46C2-91C9-E27CB0AED900}.Release|x64.Deploy.0 = Release|x64
		{77C6792E-BC43-46C2-91C9-E27CB0AED900}.Release|x86.ActiveCfg = Release|x86
		{77C6792E-BC43-46C2-91C9-E27CB0AED900}.Release|x86.Build.0 = Release|x86
		{77C6792E-BC43-46C2-91C9-E27CB0AED900}.Release|x86.Deploy.0 = Release|x86
	EndGlobalSection
	GlobalSection(SolutionProperties) = preSolution
		HideSolutionNode = FALSE
	EndGlobalSection
EndGlobal
